
Microsoft Visual Studio Solution File, Format Version 12.00
# Visual Studio Version 16
VisualStudioVersion = 16.0.30011.22
MinimumVisualStudioVersion = 10.0.40219.1
Project("{FAE04EC0-301F-11D3-BF4B-00C04F79EFBC}") = "JCMC.FW.APIRest", "JCMC.FW.APIRest\JCMC.FW.APIRest.csproj", "{F0758075-D863-4D40-A734-B9F8DC6FDA47}"
EndProject
Project("{FAE04EC0-301F-11D3-BF4B-00C04F79EFBC}") = "JCMC.FW.APIRest.Data", "JCMC.FW.APIRest.Data\JCMC.FW.APIRest.Data.csproj", "{1B72D81B-1A38-4314-9C4C-EAF9646E249C}"
EndProject
Project("{2150E333-8FDC-42A3-9474-1A3956D46DE8}") = "Data", "Data", "{4BA5D80F-B08D-42D4-B731-C51F8758C3D3}"
EndProject
Project("{FAE04EC0-301F-11D3-BF4B-00C04F79EFBC}") = "JCMC.FW.APIRest.Business", "JCMC.FW.APIRest.Business\JCMC.FW.APIRest.Business.csproj", "{CE9FA807-8D0E-4ECF-B55A-E9BFBC0E3ED3}"
EndProject
Project("{FAE04EC0-301F-11D3-BF4B-00C04F79EFBC}") = "JCMC.FW.APIRest.Business.Contract", "JCMC.FW.APIRest.Business.Contract\JCMC.FW.APIRest.Business.Contract.csproj", "{42E9C41F-8950-461A-A603-EB612A537175}"
EndProject
Project("{2150E333-8FDC-42A3-9474-1A3956D46DE8}") = "Business", "Business", "{345322D2-8705-4E13-9646-75A9C5EEBEC8}"
EndProject
Project("{2150E333-8FDC-42A3-9474-1A3956D46DE8}") = "Shared", "Shared", "{D02E528B-BAD4-4123-9ED1-884B744B4C5A}"
EndProject
Project("{FAE04EC0-301F-11D3-BF4B-00C04F79EFBC}") = "JCMC.FW.APIRest.Entities", "JCMC.FW.APIRest.Entities\JCMC.FW.APIRest.Entities.csproj", "{DBAA5E69-CC33-40F3-BAA9-784FD84C52A0}"
EndProject
Global
	GlobalSection(SolutionConfigurationPlatforms) = preSolution
		Debug|Any CPU = Debug|Any CPU
		Release|Any CPU = Release|Any CPU
	EndGlobalSection
	GlobalSection(ProjectConfigurationPlatforms) = postSolution
		{F0758075-D863-4D40-A734-B9F8DC6FDA47}.Debug|Any CPU.ActiveCfg = Debug|Any CPU
		{F0758075-D863-4D40-A734-B9F8DC6FDA47}.Debug|Any CPU.Build.0 = Debug|Any CPU
		{F0758075-D863-4D40-A734-B9F8DC6FDA47}.Release|Any CPU.ActiveCfg = Release|Any CPU
		{F0758075-D863-4D40-A734-B9F8DC6FDA47}.Release|Any CPU.Build.0 = Release|Any CPU
		{1B72D81B-1A38-4314-9C4C-EAF9646E249C}.Debug|Any CPU.ActiveCfg = Debug|Any CPU
		{1B72D81B-1A38-4314-9C4C-EAF9646E249C}.Debug|Any CPU.Build.0 = Debug|Any CPU
		{1B72D81B-1A38-4314-9C4C-EAF9646E249C}.Release|Any CPU.ActiveCfg = Release|Any CPU
		{1B72D81B-1A38-4314-9C4C-EAF9646E249C}.Release|Any CPU.Build.0 = Release|Any CPU
		{CE9FA807-8D0E-4ECF-B55A-E9BFBC0E3ED3}.Debug|Any CPU.ActiveCfg = Debug|Any CPU
		{CE9FA807-8D0E-4ECF-B55A-E9BFBC0E3ED3}.Debug|Any CPU.Build.0 = Debug|Any CPU
		{CE9FA807-8D0E-4ECF-B55A-E9BFBC0E3ED3}.Release|Any CPU.ActiveCfg = Release|Any CPU
		{CE9FA807-8D0E-4ECF-B55A-E9BFBC0E3ED3}.Release|Any CPU.Build.0 = Release|Any CPU
		{42E9C41F-8950-461A-A603-EB612A537175}.Debug|Any CPU.ActiveCfg = Debug|Any CPU
		{42E9C41F-8950-461A-A603-EB612A537175}.Debug|Any CPU.Build.0 = Debug|Any CPU
		{42E9C41F-8950-461A-A603-EB612A537175}.Release|Any CPU.ActiveCfg = Release|Any CPU
		{42E9C41F-8950-461A-A603-EB612A537175}.Release|Any CPU.Build.0 = Release|Any CPU
		{DBAA5E69-CC33-40F3-BAA9-784FD84C52A0}.Debug|Any CPU.ActiveCfg = Debug|Any CPU
		{DBAA5E69-CC33-40F3-BAA9-784FD84C52A0}.Debug|Any CPU.Build.0 = Debug|Any CPU
		{DBAA5E69-CC33-40F3-BAA9-784FD84C52A0}.Release|Any CPU.ActiveCfg = Release|Any CPU
		{DBAA5E69-CC33-40F3-BAA9-784FD84C52A0}.Release|Any CPU.Build.0 = Release|Any CPU
	EndGlobalSection
	GlobalSection(SolutionProperties) = preSolution
		HideSolutionNode = FALSE
	EndGlobalSection
	GlobalSection(NestedProjects) = preSolution
		{1B72D81B-1A38-4314-9C4C-EAF9646E249C} = {4BA5D80F-B08D-42D4-B731-C51F8758C3D3}
		{CE9FA807-8D0E-4ECF-B55A-E9BFBC0E3ED3} = {345322D2-8705-4E13-9646-75A9C5EEBEC8}
		{42E9C41F-8950-461A-A603-EB612A537175} = {345322D2-8705-4E13-9646-75A9C5EEBEC8}
		{DBAA5E69-CC33-40F3-BAA9-784FD84C52A0} = {D02E528B-BAD4-4123-9ED1-884B744B4C5A}
	EndGlobalSection
	GlobalSection(ExtensibilityGlobals) = postSolution
		SolutionGuid = {10A4C12B-7D9C-4793-9B46-AF98BC255398}
	EndGlobalSection
EndGlobal
